{
  "name": "aquila",
  "version": "1.0.0",
  "lockfileVersion": 1,
  "requires": true,
  "dependencies": {
    "@babel/helper-annotate-as-pure": {
      "version": "7.10.4",
      "resolved": "https://registry.npmjs.org/@babel/helper-annotate-as-pure/-/helper-annotate-as-pure-7.10.4.tgz",
      "integrity": "sha512-XQlqKQP4vXFB7BN8fEEerrmYvHp3fK/rBkRFz9jaJbzK0B1DSfej9Kc7ZzE8Z/OnId1jpJdNAZ3BFQjWG68rcA==",
      "dev": true,
      "requires": {
        "@babel/types": "^7.10.4"
      }
    },
    "@babel/helper-builder-react-jsx": {
      "version": "7.10.4",
      "resolved": "https://registry.npmjs.org/@babel/helper-builder-react-jsx/-/helper-builder-react-jsx-7.10.4.tgz",
      "integrity": "sha512-5nPcIZ7+KKDxT1427oBivl9V9YTal7qk0diccnh7RrcgrT/pGFOjgGw1dgryyx1GvHEpXVfoDF6Ak3rTiWh8Rg==",
      "dev": true,
      "requires": {
        "@babel/helper-annotate-as-pure": "^7.10.4",
        "@babel/types": "^7.10.4"
      }
    },
    "@babel/helper-builder-react-jsx-experimental": {
      "version": "7.10.5",
      "resolved": "https://registry.npmjs.org/@babel/helper-builder-react-jsx-experimental/-/helper-builder-react-jsx-experimental-7.10.5.tgz",
      "integrity": "sha512-Buewnx6M4ttG+NLkKyt7baQn7ScC/Td+e99G914fRU8fGIUivDDgVIQeDHFa5e4CRSJQt58WpNHhsAZgtzVhsg==",
      "dev": true,
      "requires": {
        "@babel/helper-annotate-as-pure": "^7.10.4",
        "@babel/helper-module-imports": "^7.10.4",
        "@babel/types": "^7.10.5"
      }
    },
    "@babel/helper-module-imports": {
      "version": "7.10.4",
      "resolved": "https://registry.npmjs.org/@babel/helper-module-imports/-/helper-module-imports-7.10.4.tgz",
      "integrity": "sha512-nEQJHqYavI217oD9+s5MUBzk6x1IlvoS9WTPfgG43CbMEeStE0v+r+TucWdx8KFGowPGvyOkDT9+7DHedIDnVw==",
      "dev": true,
      "requires": {
        "@babel/types": "^7.10.4"
      }
    },
    "@babel/helper-plugin-utils": {
      "version": "7.10.4",
      "resolved": "https://registry.npmjs.org/@babel/helper-plugin-utils/-/helper-plugin-utils-7.10.4.tgz",
      "integrity": "sha512-O4KCvQA6lLiMU9l2eawBPMf1xPP8xPfB3iEQw150hOVTqj/rfXz0ThTb4HEzqQfs2Bmo5Ay8BzxfzVtBrr9dVg==",
      "dev": true
    },
    "@babel/helper-validator-identifier": {
      "version": "7.10.4",
      "resolved": "https://registry.npmjs.org/@babel/helper-validator-identifier/-/helper-validator-identifier-7.10.4.tgz",
      "integrity": "sha512-3U9y+43hz7ZM+rzG24Qe2mufW5KhvFg/NhnNph+i9mgCtdTCtMJuI1TMkrIUiK7Ix4PYlRF9I5dhqaLYA/ADXw==",
      "dev": true
    },
    "@babel/plugin-syntax-jsx": {
      "version": "7.10.4",
      "resolved": "https://registry.npmjs.org/@babel/plugin-syntax-jsx/-/plugin-syntax-jsx-7.10.4.tgz",
      "integrity": "sha512-KCg9mio9jwiARCB7WAcQ7Y1q+qicILjoK8LP/VkPkEKaf5dkaZZK1EcTe91a3JJlZ3qy6L5s9X52boEYi8DM9g==",
      "dev": true,
      "requires": {
        "@babel/helper-plugin-utils": "^7.10.4"
      }
    },
    "@babel/plugin-transform-react-display-name": {
      "version": "7.10.4",
      "resolved": "https://registry.npmjs.org/@babel/plugin-transform-react-display-name/-/plugin-transform-react-display-name-7.10.4.tgz",
      "integrity": "sha512-Zd4X54Mu9SBfPGnEcaGcOrVAYOtjT2on8QZkLKEq1S/tHexG39d9XXGZv19VfRrDjPJzFmPfTAqOQS1pfFOujw==",
      "dev": true,
      "requires": {
        "@babel/helper-plugin-utils": "^7.10.4"
      }
    },
    "@babel/plugin-transform-react-jsx": {
      "version": "7.10.4",
      "resolved": "https://registry.npmjs.org/@babel/plugin-transform-react-jsx/-/plugin-transform-react-jsx-7.10.4.tgz",
      "integrity": "sha512-L+MfRhWjX0eI7Js093MM6MacKU4M6dnCRa/QPDwYMxjljzSCzzlzKzj9Pk4P3OtrPcxr2N3znR419nr3Xw+65A==",
      "dev": true,
      "requires": {
        "@babel/helper-builder-react-jsx": "^7.10.4",
        "@babel/helper-builder-react-jsx-experimental": "^7.10.4",
        "@babel/helper-plugin-utils": "^7.10.4",
        "@babel/plugin-syntax-jsx": "^7.10.4"
      }
    },
    "@babel/plugin-transform-react-jsx-development": {
      "version": "7.10.4",
      "resolved": "https://registry.npmjs.org/@babel/plugin-transform-react-jsx-development/-/plugin-transform-react-jsx-development-7.10.4.tgz",
      "integrity": "sha512-RM3ZAd1sU1iQ7rI2dhrZRZGv0aqzNQMbkIUCS1txYpi9wHQ2ZHNjo5TwX+UD6pvFW4AbWqLVYvKy5qJSAyRGjQ==",
      "dev": true,
      "requires": {
        "@babel/helper-builder-react-jsx-experimental": "^7.10.4",
        "@babel/helper-plugin-utils": "^7.10.4",
        "@babel/plugin-syntax-jsx": "^7.10.4"
      }
    },
    "@babel/plugin-transform-react-jsx-self": {
      "version": "7.10.4",
      "resolved": "https://registry.npmjs.org/@babel/plugin-transform-react-jsx-self/-/plugin-transform-react-jsx-self-7.10.4.tgz",
      "integrity": "sha512-yOvxY2pDiVJi0axdTWHSMi5T0DILN+H+SaeJeACHKjQLezEzhLx9nEF9xgpBLPtkZsks9cnb5P9iBEi21En3gg==",
      "dev": true,
      "requires": {
        "@babel/helper-plugin-utils": "^7.10.4",
        "@babel/plugin-syntax-jsx": "^7.10.4"
      }
    },
    "@babel/plugin-transform-react-jsx-source": {
      "version": "7.10.5",
      "resolved": "https://registry.npmjs.org/@babel/plugin-transform-react-jsx-source/-/plugin-transform-react-jsx-source-7.10.5.tgz",
      "integrity": "sha512-wTeqHVkN1lfPLubRiZH3o73f4rfon42HpgxUSs86Nc+8QIcm/B9s8NNVXu/gwGcOyd7yDib9ikxoDLxJP0UiDA==",
      "dev": true,
      "requires": {
        "@babel/helper-plugin-utils": "^7.10.4",
        "@babel/plugin-syntax-jsx": "^7.10.4"
      }
    },
    "@babel/plugin-transform-react-pure-annotations": {
      "version": "7.10.4",
      "resolved": "https://registry.npmjs.org/@babel/plugin-transform-react-pure-annotations/-/plugin-transform-react-pure-annotations-7.10.4.tgz",
      "integrity": "sha512-+njZkqcOuS8RaPakrnR9KvxjoG1ASJWpoIv/doyWngId88JoFlPlISenGXjrVacZUIALGUr6eodRs1vmPnF23A==",
      "dev": true,
      "requires": {
        "@babel/helper-annotate-as-pure": "^7.10.4",
        "@babel/helper-plugin-utils": "^7.10.4"
      }
    },
    "@babel/preset-react": {
      "version": "7.10.4",
      "resolved": "https://registry.npmjs.org/@babel/preset-react/-/preset-react-7.10.4.tgz",
      "integrity": "sha512-BrHp4TgOIy4M19JAfO1LhycVXOPWdDbTRep7eVyatf174Hff+6Uk53sDyajqZPu8W1qXRBiYOfIamek6jA7YVw==",
      "dev": true,
      "requires": {
        "@babel/helper-plugin-utils": "^7.10.4",
        "@babel/plugin-transform-react-display-name": "^7.10.4",
        "@babel/plugin-transform-react-jsx": "^7.10.4",
        "@babel/plugin-transform-react-jsx-development": "^7.10.4",
        "@babel/plugin-transform-react-jsx-self": "^7.10.4",
        "@babel/plugin-transform-react-jsx-source": "^7.10.4",
        "@babel/plugin-transform-react-pure-annotations": "^7.10.4"
      }
    },
    "@babel/types": {
      "version": "7.11.0",
      "resolved": "https://registry.npmjs.org/@babel/types/-/types-7.11.0.tgz",
      "integrity": "sha512-O53yME4ZZI0jO1EVGtF1ePGl0LHirG4P1ibcD80XyzZcKhcMFeCXmh4Xb1ifGBIV233Qg12x4rBfQgA+tmOukA==",
      "dev": true,
      "requires": {
        "@babel/helper-validator-identifier": "^7.10.4",
        "lodash": "^4.17.19",
        "to-fast-properties": "^2.0.0"
      }
    },
    "lodash": {
      "version": "4.17.20",
      "resolved": "https://registry.npmjs.org/lodash/-/lodash-4.17.20.tgz",
      "integrity": "sha512-PlhdFcillOINfeV7Ni6oF1TAEayyZBoZ8bcshTHqOYJYlrqzRK5hagpagky5o4HfCzzd1TRkXPMFq6cKk9rGmA==",
      "dev": true
    },
    "to-fast-properties": {
      "version": "2.0.0",
      "resolved": "https://registry.npmjs.org/to-fast-properties/-/to-fast-properties-2.0.0.tgz",
      "integrity": "sha1-3F5pjL0HkmW8c+A3doGk5Og/YW4=",
      "dev": true
    }
  }
}
